# THIS IS AN AUTOGENERATED FILE. DO NOT EDIT THIS FILE DIRECTLY.
# yarn lockfile v1


"react-usestateref@^1.0.8":
  "integrity" "sha512-whaE6H0XGarFKwZ3EYbpHBsRRCLZqdochzg/C7e+b6VFMTA3LS3K4ZfpI4NT40iy83jG89rGXrw70P9iDfOdsA=="
  "resolved" "https://registry.npmjs.org/react-usestateref/-/react-usestateref-1.0.8.tgz"
  "version" "1.0.8"
